
Microsoft Visual Studio Solution File, Format Version 12.00
# Visual Studio Version 17
VisualStudioVersion = 17.2.32526.322
MinimumVisualStudioVersion = 10.0.40219.1
Project("{FAE04EC0-301F-11D3-BF4B-00C04F79EFBC}") = "FiapSchoolSystem.API", "FiapSchoolSystem.API\FiapSchoolSystem.API.csproj", "{3CBF46E3-7C98-463C-99C2-BA2FA285CA6B}"
EndProject
Project("{FAE04EC0-301F-11D3-BF4B-00C04F79EFBC}") = "FiapSchoolSystem.Infra", "FiapSchoolSystem.Infra\FiapSchoolSystem.Infra.csproj", "{C503B35D-F0AF-4AD5-95BC-13AFF7DC3ED3}"
EndProject
Project("{FAE04EC0-301F-11D3-BF4B-00C04F79EFBC}") = "FiapSchoolSystem.Client", "FiapSchoolSystem.Client\FiapSchoolSystem.Client.csproj", "{99C3D75F-7322-458C-AF46-80AE69449219}"
EndProject
Global
	GlobalSection(SolutionConfigurationPlatforms) = preSolution
		Debug|Any CPU = Debug|Any CPU
		Release|Any CPU = Release|Any CPU
	EndGlobalSection
	GlobalSection(ProjectConfigurationPlatforms) = postSolution
		{3CBF46E3-7C98-463C-99C2-BA2FA285CA6B}.Debug|Any CPU.ActiveCfg = Debug|Any CPU
		{3CBF46E3-7C98-463C-99C2-BA2FA285CA6B}.Debug|Any CPU.Build.0 = Debug|Any CPU
		{3CBF46E3-7C98-463C-99C2-BA2FA285CA6B}.Release|Any CPU.ActiveCfg = Release|Any CPU
		{3CBF46E3-7C98-463C-99C2-BA2FA285CA6B}.Release|Any CPU.Build.0 = Release|Any CPU
		{C503B35D-F0AF-4AD5-95BC-13AFF7DC3ED3}.Debug|Any CPU.ActiveCfg = Debug|Any CPU
		{C503B35D-F0AF-4AD5-95BC-13AFF7DC3ED3}.Debug|Any CPU.Build.0 = Debug|Any CPU
		{C503B35D-F0AF-4AD5-95BC-13AFF7DC3ED3}.Release|Any CPU.ActiveCfg = Release|Any CPU
		{C503B35D-F0AF-4AD5-95BC-13AFF7DC3ED3}.Release|Any CPU.Build.0 = Release|Any CPU
		{99C3D75F-7322-458C-AF46-80AE69449219}.Debug|Any CPU.ActiveCfg = Debug|Any CPU
		{99C3D75F-7322-458C-AF46-80AE69449219}.Debug|Any CPU.Build.0 = Debug|Any CPU
		{99C3D75F-7322-458C-AF46-80AE69449219}.Release|Any CPU.ActiveCfg = Release|Any CPU
		{99C3D75F-7322-458C-AF46-80AE69449219}.Release|Any CPU.Build.0 = Release|Any CPU
	EndGlobalSection
	GlobalSection(SolutionProperties) = preSolution
		HideSolutionNode = FALSE
	EndGlobalSection
	GlobalSection(ExtensibilityGlobals) = postSolution
		SolutionGuid = {DC7E36E4-79B5-47EA-9A7D-9B638F355626}
	EndGlobalSection
EndGlobal
